// !$*UTF8*$!
{
	archiveVersion = 1;
	classes = {
	};
	objectVersion = 50;
	objects = {

/* Begin PBXBuildFile section */
		CACAB47323AC7BAD00DD0DC8 /* AppDelegate.swift in Sources */ = {isa = PBXBuildFile; fileRef = CACAB47223AC7BAD00DD0DC8 /* AppDelegate.swift */; };
		CACAB47523AC7BAD00DD0DC8 /* SceneDelegate.swift in Sources */ = {isa = PBXBuildFile; fileRef = CACAB47423AC7BAD00DD0DC8 /* SceneDelegate.swift */; };
		CACAB47723AC7BAD00DD0DC8 /* ViewController.swift in Sources */ = {isa = PBXBuildFile; fileRef = CACAB47623AC7BAD00DD0DC8 /* ViewController.swift */; };
		CACAB47A23AC7BAD00DD0DC8 /* Main.storyboard in Resources */ = {isa = PBXBuildFile; fileRef = CACAB47823AC7BAD00DD0DC8 /* Main.storyboard */; };
		CACAB47C23AC7BB000DD0DC8 /* Assets.xcassets in Resources */ = {isa = PBXBuildFile; fileRef = CACAB47B23AC7BB000DD0DC8 /* Assets.xcassets */; };
		CACAB47F23AC7BB000DD0DC8 /* LaunchScreen.storyboard in Resources */ = {isa = PBXBuildFile; fileRef = CACAB47D23AC7BB000DD0DC8 /* LaunchScreen.storyboard */; };
/* End PBXBuildFile section */

/* Begin PBXFileReference section */
		CACAB46F23AC7BAD00DD0DC8 /* Bluemeter.app */ = {isa = PBXFileReference; explicitFileType = wrapper.application; includeInIndex = 0; path = Bluemeter.app; sourceTree = BUILT_PRODUCTS_DIR; };
		CACAB47223AC7BAD00DD0DC8 /* AppDelegate.swift */ = {isa = PBXFileReference; lastKnownFileType = sourcecode.swift; path = AppDelegate.swift; sourceTree = "<group>"; };
		CACAB47423AC7BAD00DD0DC8 /* SceneDelegate.swift */ = {isa = PBXFileReference; lastKnownFileType = sourcecode.swift; path = SceneDelegate.swift; sourceTree = "<group>"; };
		CACAB47623AC7BAD00DD0DC8 /* ViewController.swift */ = {isa = PBXFileReference; lastKnownFileType = sourcecode.swift; path = ViewController.swift; sourceTree = "<group>"; };
		CACAB47923AC7BAD00DD0DC8 /* Base */ = {isa = PBXFileReference; lastKnownFileType = file.storyboard; name = Base; path = Base.lproj/Main.storyboard; sourceTree = "<group>"; };
		CACAB47B23AC7BB000DD0DC8 /* Assets.xcassets */ = {isa = PBXFileReference; lastKnownFileType = folder.assetcatalog; path = Assets.xcassets; sourceTree = "<group>"; };
		CACAB47E23AC7BB000DD0DC8 /* Base */ = {isa = PBXFileReference; lastKnownFileType = file.storyboard; name = Base; path = Base.lproj/LaunchScreen.storyboard; sourceTree = "<group>"; };
		CACAB48023AC7BB000DD0DC8 /* Info.plist */ = {isa = PBXFileReference; lastKnownFileType = text.plist.xml; path = Info.plist; sourceTree = "<group>"; };
/* End PBXFileReference section */

/* Begin PBXFrameworksBuildPhase section */
		CACAB46C23AC7BAD00DD0DC8 /* Frameworks */ = {
			isa = PBXFrameworksBuildPhase;
			buildActionMask = 2147483647;
			files = (
			);
			runOnlyForDeploymentPostprocessing = 0;
		};
/* End PBXFrameworksBuildPhase section */

/* Begin PBXGroup section */
		CACAB46623AC7BAD00DD0DC8 = {
			isa = PBXGroup;
			children = (
				CACAB47123AC7BAD00DD0DC8 /* Bluemeter */,
				CACAB47023AC7BAD00DD0DC8 /* Products */,
			);
			sourceTree = "<group>";
		};
		CACAB47023AC7BAD00DD0DC8 /* Products */ = {
			isa = PBXGroup;
			children = (
				CACAB46F23AC7BAD00DD0DC8 /* Bluemeter.app */,
			);
			name = Products;
			sourceTree = "<group>";
		};
		CACAB47123AC7BAD00DD0DC8 /* Bluemeter */ = {
			isa = PBXGroup;
			children = (
				CACAB47223AC7BAD00DD0DC8 /* AppDelegate.swift */,
				CACAB47423AC7BAD00DD0DC8 /* SceneDelegate.swift */,
				CACAB47623AC7BAD00DD0DC8 /* ViewController.swift */,
				CACAB47823AC7BAD00DD0DC8 /* Main.storyboard */,
				CACAB47B23AC7BB000DD0DC8 /* Assets.xcassets */,
				CACAB47D23AC7BB000DD0DC8 /* LaunchScreen.storyboard */,
				CACAB48023AC7BB000DD0DC8 /* Info.plist */,
			);
			path = Bluemeter;
			sourceTree = "<group>";
		};
/* End PBXGroup section */

/* Begin PBXNativeTarget section */
		CACAB46E23AC7BAD00DD0DC8 /* Bluemeter */ = {
			isa = PBXNativeTarget;
			buildConfigurationList = CACAB48323AC7BB000DD0DC8 /* Build configuration list for PBXNativeTarget "Bluemeter" */;
			buildPhases = (
				CACAB46B23AC7BAD00DD0DC8 /* Sources */,
				CACAB46C23AC7BAD00DD0DC8 /* Frameworks */,
				CACAB46D23AC7BAD00DD0DC8 /* Resources */,
			);
			buildRules = (
			);
			dependencies = (
			);
			name = Bluemeter;
			productName = Bluemeter;
			productReference = CACAB46F23AC7BAD00DD0DC8 /* Bluemeter.app */;
			productType = "com.apple.product-type.application";
		};
/* End PBXNativeTarget section */

/* Begin PBXProject section */
		CACAB46723AC7BAD00DD0DC8 /* Project object */ = {
			isa = PBXProject;
			attributes = {
				LastSwiftUpdateCheck = 1130;
				LastUpgradeCheck = 1130;
				ORGANIZATIONNAME = "Brandon Main";
				TargetAttributes = {
					CACAB46E23AC7BAD00DD0DC8 = {
						CreatedOnToolsVersion = 11.3;
					};
				};
			};
			buildConfigurationList = CACAB46A23AC7BAD00DD0DC8 /* Build configuration list for PBXProject "Bluemeter" */;
			compatibilityVersion = "Xcode 9.3";
			developmentRegion = en;
			hasScannedForEncodings = 0;
			knownRegions = (
				en,
				Base,
			);
			mainGroup = CACAB46623AC7BAD00DD0DC8;
			productRefGroup = CACAB47023AC7BAD00DD0DC8 /* Products */;
			projectDirPath = "";
			projectRoot = "";
			targets = (
				CACAB46E23AC7BAD00DD0DC8 /* Bluemeter */,
			);
		};
/* End PBXProject section */

/* Begin PBXResourcesBuildPhase section */
		CACAB46D23AC7BAD00DD0DC8 /* Resources */ = {
			isa = PBXResourcesBuildPhase;
			buildActionMask = 2147483647;
			files = (
				CACAB47F23AC7BB000DD0DC8 /* LaunchScreen.storyboard in Resources */,
				CACAB47C23AC7BB000DD0DC8 /* Assets.xcassets in Resources */,
				CACAB47A23AC7BAD00DD0DC8 /* Main.storyboard in Resources */,
			);
			runOnlyForDeploymentPostprocessing = 0;
		};
/* End PBXResourcesBuildPhase section */

/* Begin PBXSourcesBuildPhase section */
		CACAB46B23AC7BAD00DD0DC8 /* Sources */ = {
			isa = PBXSourcesBuildPhase;
			buildActionMask = 2147483647;
			files = (
				CACAB47723AC7BAD00DD0DC8 /* ViewController.swift in Sources */,
				CACAB47323AC7BAD00DD0DC8 /* AppDelegate.swift in Sources */,
				CACAB47523AC7BAD00DD0DC8 /* SceneDelegate.swift in Sources */,
			);
			runOnlyForDeploymentPostprocessing = 0;
		};
/* End PBXSourcesBuildPhase section */

/* Begin PBXVariantGroup section */
		CACAB47823AC7BAD00DD0DC8 /* Main.storyboard */ = {
			isa = PBXVariantGroup;
			children = (
				CACAB47923AC7BAD00DD0DC8 /* Base */,
			);
			name = Main.storyboard;
			sourceTree = "<group>";
		};
		CACAB47D23AC7BB000DD0DC8 /* LaunchScreen.storyboard */ = {
			isa = PBXVariantGroup;
			children = (
				CACAB47E23AC7BB000DD0DC8 /* Base */,
			);
			name = LaunchScreen.storyboard;
			sourceTree = "<group>";
		};
/* End PBXVariantGroup section */

/* Begin XCBuildConfiguration section */
		CACAB48123AC7BB000DD0DC8 /* Debug */ = {
			isa = XCBuildConfiguration;
			buildSettings = {
				ALWAYS_SEARCH_USER_PATHS = NO;
				CLANG_ANALYZER_NONNULL = YES;
				CLANG_ANALYZER_NUMBER_OBJECT_CONVERSION = YES_AGGRESSIVE;
				CLANG_CXX_LANGUAGE_STANDARD = "gnu++14";
				CLANG_CXX_LIBRARY = "libc++";
				CLANG_ENABLE_MODULES = YES;
				CLANG_ENABLE_OBJC_ARC = YES;
				CLANG_ENABLE_OBJC_WEAK = YES;
				CLANG_WARN_BLOCK_CAPTURE_AUTORELEASING = YES;
				CLANG_WARN_BOOL_CONVERSION = YES;
				CLANG_WARN_COMMA = YES;
				CLANG_WARN_CONSTANT_CONVERSION = YES;
				CLANG_WARN_DEPRECATED_OBJC_IMPLEMENTATIONS = YES;
				CLANG_WARN_DIRECT_OBJC_ISA_USAGE = YES_ERROR;
				CLANG_WARN_DOCUMENTATION_COMMENTS = YES;
				CLANG_WARN_EMPTY_BODY = YES;
				CLANG_WARN_ENUM_CONVERSION = YES;
				CLANG_WARN_INFINITE_RECURSION = YES;
				CLANG_WARN_INT_CONVERSION = YES;
				CLANG_WARN_NON_LITERAL_NULL_CONVERSION = YES;
				CLANG_WARN_OBJC_IMPLICIT_RETAIN_SELF = YES;
				CLANG_WARN_OBJC_LITERAL_CONVERSION = YES;
				CLANG_WARN_OBJC_ROOT_CLASS = YES_ERROR;
				CLANG_WARN_RANGE_LOOP_ANALYSIS = YES;
				CLANG_WARN_STRICT_PROTOTYPES = YES;
				CLANG_WARN_SUSPICIOUS_MOVE = YES;
				CLANG_WARN_UNGUARDED_AVAILABILITY = YES_AGGRESSIVE;
				CLANG_WARN_UNREACHABLE_CODE = YES;
				CLANG_WARN__DUPLICATE_METHOD_MATCH = YES;
				COPY_PHASE_STRIP = NO;
				DEBUG_INFORMATION_FORMAT = dwarf;
				ENABLE_STRICT_OBJC_MSGSEND = YES;
				ENABLE_TESTABILITY = YES;
				GCC_C_LANGUAGE_STANDARD = gnu11;
				GCC_DYNAMIC_NO_PIC = NO;
				GCC_NO_COMMON_BLOCKS = YES;
				GCC_OPTIMIZATION_LEVEL = 0;
				GCC_PREPROCESSOR_DEFINITIONS = (
					"DEBUG=1",
					"$(inherited)",
				);
				GCC_WARN_64_TO_32_BIT_CONVERSION = YES;
				GCC_WARN_ABOUT_RETURN_TYPE = YES_ERROR;
				GCC_WARN_UNDECLARED_SELECTOR = YES;
				GCC_WARN_UNINITIALIZED_AUTOS = YES_AGGRESSIVE;
				GCC_WARN_UNUSED_FUNCTION = YES;
				GCC_WARN_UNUSED_VARIABLE = YES;
				IPHONEOS_DEPLOYMENT_TARGET = 13.2;
				MTL_ENABLE_DEBUG_INFO = INCLUDE_SOURCE;
				MTL_FAST_MATH = YES;
				ONLY_ACTIVE_ARCH = YES;
				SDKROOT = iphoneos;
				SWIFT_ACTIVE_COMPILATION_CONDITIONS = DEBUG;
				SWIFT_OPTIMIZATION_LEVEL = "-Onone";
			};
			name = Debug;
		};
		CACAB48223AC7BB000DD0DC8 /* Release */ = {
			isa = XCBuildConfiguration;
			buildSettings = {
				ALWAYS_SEARCH_USER_PATHS = NO;
				CLANG_ANALYZER_NONNULL = YES;
				CLANG_ANALYZER_NUMBER_OBJECT_CONVERSION = YES_AGGRESSIVE;
				CLANG_CXX_LANGUAGE_STANDARD = "gnu++14";
				CLANG_CXX_LIBRARY = "libc++";
				CLANG_ENABLE_MODULES = YES;
				CLANG_ENABLE_OBJC_ARC = YES;
				CLANG_ENABLE_OBJC_WEAK = YES;
				CLANG_WARN_BLOCK_CAPTURE_AUTORELEASING = YES;
				CLANG_WARN_BOOL_CONVERSION = YES;
				CLANG_WARN_COMMA = YES;
				CLANG_WARN_CONSTANT_CONVERSION = YES;
				CLANG_WARN_DEPRECATED_OBJC_IMPLEMENTATIONS = YES;
				CLANG_WARN_DIRECT_OBJC_ISA_USAGE = YES_ERROR;
				CLANG_WARN_DOCUMENTATION_COMMENTS = YES;
				CLANG_WARN_EMPTY_BODY = YES;
				CLANG_WARN_ENUM_CONVERSION = YES;
				CLANG_WARN_INFINITE_RECURSION = YES;
				CLANG_WARN_INT_CONVERSION = YES;
				CLANG_WARN_NON_LITERAL_NULL_CONVERSION = YES;
				CLANG_WARN_OBJC_IMPLICIT_RETAIN_SELF = YES;
				CLANG_WARN_OBJC_LITERAL_CONVERSION = YES;
				CLANG_WARN_OBJC_ROOT_CLASS = YES_ERROR;
				CLANG_WARN_RANGE_LOOP_ANALYSIS = YES;
				CLANG_WARN_STRICT_PROTOTYPES = YES;
				CLANG_WARN_SUSPICIOUS_MOVE = YES;
				CLANG_WARN_UNGUARDED_AVAILABILITY = YES_AGGRESSIVE;
				CLANG_WARN_UNREACHABLE_CODE = YES;
				CLANG_WARN__DUPLICATE_METHOD_MATCH = YES;
				COPY_PHASE_STRIP = NO;
				DEBUG_INFORMATION_FORMAT = "dwarf-with-dsym";
				ENABLE_NS_ASSERTIONS = NO;
				ENABLE_STRICT_OBJC_MSGSEND = YES;
				GCC_C_LANGUAGE_STANDARD = gnu11;
				GCC_NO_COMMON_BLOCKS = YES;
				GCC_WARN_64_TO_32_BIT_CONVERSION = YES;
				GCC_WARN_ABOUT_RETURN_TYPE = YES_ERROR;
				GCC_WARN_UNDECLARED_SELECTOR = YES;
				GCC_WARN_UNINITIALIZED_AUTOS = YES_AGGRESSIVE;
				GCC_WARN_UNUSED_FUNCTION = YES;
				GCC_WARN_UNUSED_VARIABLE = YES;
				IPHONEOS_DEPLOYMENT_TARGET = 13.2;
				MTL_ENABLE_DEBUG_INFO = NO;
				MTL_FAST_MATH = YES;
				SDKROOT = iphoneos;
				SWIFT_COMPILATION_MODE = wholemodule;
				SWIFT_OPTIMIZATION_LEVEL = "-O";
				VALIDATE_PRODUCT = YES;
			};
			name = Release;
		};
		CACAB48423AC7BB000DD0DC8 /* Debug */ = {
			isa = XCBuildConfiguration;
			buildSettings = {
				ASSETCATALOG_COMPILER_APPICON_NAME = AppIcon;
				CODE_SIGN_STYLE = Automatic;
				DEVELOPMENT_TEAM = 53A4RUFC65;
				INFOPLIST_FILE = Bluemeter/Info.plist;
				LD_RUNPATH_SEARCH_PATHS = (
					"$(inherited)",
					"@executable_path/Frameworks",
				);
				PRODUCT_BUNDLE_IDENTIFIER = com.brandonmain.Bluemeter;
				PRODUCT_NAME = "$(TARGET_NAME)";
				SWIFT_VERSION = 5.0;
				TARGETED_DEVICE_FAMILY = "1,2";
			};
			name = Debug;
		};
		CACAB48523AC7BB000DD0DC8 /* Release */ = {
			isa = XCBuildConfiguration;
			buildSettings = {
				ASSETCATALOG_COMPILER_APPICON_NAME = AppIcon;
				CODE_SIGN_STYLE = Automatic;
				DEVELOPMENT_TEAM = 53A4RUFC65;
				INFOPLIST_FILE = Bluemeter/Info.plist;
				LD_RUNPATH_SEARCH_PATHS = (
					"$(inherited)",
					"@executable_path/Frameworks",
				);
				PRODUCT_BUNDLE_IDENTIFIER = com.brandonmain.Bluemeter;
				PRODUCT_NAME = "$(TARGET_NAME)";
				SWIFT_VERSION = 5.0;
				TARGETED_DEVICE_FAMILY = "1,2";
			};
			name = Release;
		};
/* End XCBuildConfiguration section */

/* Begin XCConfigurationList section */
		CACAB46A23AC7BAD00DD0DC8 /* Build configuration list for PBXProject "Bluemeter" */ = {
			isa = XCConfigurationList;
			buildConfigurations = (
				CACAB48123AC7BB000DD0DC8 /* Debug */,
				CACAB48223AC7BB000DD0DC8 /* Release */,
			);
			defaultConfigurationIsVisible = 0;
			defaultConfigurationName = Release;
		};
		CACAB48323AC7BB000DD0DC8 /* Build configuration list for PBXNativeTarget "Bluemeter" */ = {
			isa = XCConfigurationList;
			buildConfigurations = (
				CACAB48423AC7BB000DD0DC8 /* Debug */,
				CACAB48523AC7BB000DD0DC8 /* Release */,
			);
			defaultConfigurationIsVisible = 0;
			defaultConfigurationName = Release;
		};
/* End XCConfigurationList section */
	};
	rootObject = CACAB46723AC7BAD00DD0DC8 /* Project object */;
}
